
Microsoft Visual Studio Solution File, Format Version 12.00
# Visual Studio Version 16
VisualStudioVersion = 16.0.29905.134
MinimumVisualStudioVersion = 10.0.40219.1
Project("{F2A71F9B-5D33-465A-A702-920D77279786}") = "CovidPlotter", "CovidPlotter\CovidPlotter.fsproj", "{A987814C-302E-4CD9-8FBE-7B185207A8D6}"
EndProject
Global
	GlobalSection(SolutionConfigurationPlatforms) = preSolution
		Debug|Any CPU = Debug|Any CPU
		Release|Any CPU = Release|Any CPU
	EndGlobalSection
	GlobalSection(ProjectConfigurationPlatforms) = postSolution
		{A987814C-302E-4CD9-8FBE-7B185207A8D6}.Debug|Any CPU.ActiveCfg = Debug|Any CPU
		{A987814C-302E-4CD9-8FBE-7B185207A8D6}.Debug|Any CPU.Build.0 = Debug|Any CPU
		{A987814C-302E-4CD9-8FBE-7B185207A8D6}.Release|Any CPU.ActiveCfg = Release|Any CPU
		{A987814C-302E-4CD9-8FBE-7B185207A8D6}.Release|Any CPU.Build.0 = Release|Any CPU
	EndGlobalSection
	GlobalSection(SolutionProperties) = preSolution
		HideSolutionNode = FALSE
	EndGlobalSection
	GlobalSection(ExtensibilityGlobals) = postSolution
		SolutionGuid = {2054EE2E-613F-42DA-8380-D92DF2C873E5}
	EndGlobalSection
EndGlobal
